
Microsoft Visual Studio Solution File, Format Version 12.00
# Visual Studio Version 17
VisualStudioVersion = 17.8.34322.80
MinimumVisualStudioVersion = 10.0.40219.1
Project("{FAE04EC0-301F-11D3-BF4B-00C04F79EFBC}") = "HomeWorkSeminar2", "HomeWorkSeminar2\HomeWorkSeminar2.csproj", "{60B8E4FB-AEBA-480C-AAC9-6CF7291F4A4E}"
EndProject
Global
	GlobalSection(SolutionConfigurationPlatforms) = preSolution
		Debug|Any CPU = Debug|Any CPU
		Release|Any CPU = Release|Any CPU
	EndGlobalSection
	GlobalSection(ProjectConfigurationPlatforms) = postSolution
		{60B8E4FB-AEBA-480C-AAC9-6CF7291F4A4E}.Debug|Any CPU.ActiveCfg = Debug|Any CPU
		{60B8E4FB-AEBA-480C-AAC9-6CF7291F4A4E}.Debug|Any CPU.Build.0 = Debug|Any CPU
		{60B8E4FB-AEBA-480C-AAC9-6CF7291F4A4E}.Release|Any CPU.ActiveCfg = Release|Any CPU
		{60B8E4FB-AEBA-480C-AAC9-6CF7291F4A4E}.Release|Any CPU.Build.0 = Release|Any CPU
	EndGlobalSection
	GlobalSection(SolutionProperties) = preSolution
		HideSolutionNode = FALSE
	EndGlobalSection
	GlobalSection(ExtensibilityGlobals) = postSolution
		SolutionGuid = {0D4BA5CC-80D6-45DE-A77D-3CF4619F0453}
	EndGlobalSection
EndGlobal
